// !$*UTF8*$!
{
	archiveVersion = 1;
	classes = {
	};
	objectVersion = 77;
	objects = {

/* Begin PBXBuildFile section */
		AA10000000000000000000A4 /* LatchDomain in Frameworks */ = {isa = PBXBuildFile; productRef = AA10000000000000000000A2 /* LatchDomain */; };
		AA10000000000000000000A5 /* LatchData in Frameworks */ = {isa = PBXBuildFile; productRef = AA10000000000000000000A3 /* LatchData */; };
/* End PBXBuildFile section */

/* Begin PBXContainerItemProxy section */
		56F073962FEE423E0062C1B1 /* PBXContainerItemProxy */ = {
			isa = PBXContainerItemProxy;
			containerPortal = 56F073802FEE423C0062C1B1 /* Project object */;
			proxyType = 1;
			remoteGlobalIDString = 56F073872FEE423C0062C1B1;
			remoteInfo = Latch;
		};
		56F073A02FEE423E0062C1B1 /* PBXContainerItemProxy */ = {
			isa = PBXContainerItemProxy;
			containerPortal = 56F073802FEE423C0062C1B1 /* Project object */;
			proxyType = 1;
			remoteGlobalIDString = 56F073872FEE423C0062C1B1;
			remoteInfo = Latch;
		};
/* End PBXContainerItemProxy section */

/* Begin PBXFileReference section */
		56F073882FEE423C0062C1B1 /* Latch.app */ = {isa = PBXFileReference; explicitFileType = wrapper.application; includeInIndex = 0; path = Latch.app; sourceTree = BUILT_PRODUCTS_DIR; };
		56F073952FEE423E0062C1B1 /* LatchTests.xctest */ = {isa = PBXFileReference; explicitFileType = wrapper.cfbundle; includeInIndex = 0; path = LatchTests.xctest; sourceTree = BUILT_PRODUCTS_DIR; };
		56F0739F2FEE423E0062C1B1 /* LatchUITests.xctest */ = {isa = PBXFileReference; explicitFileType = wrapper.cfbundle; includeInIndex = 0; path = LatchUITests.xctest; sourceTree = BUILT_PRODUCTS_DIR; };
/* End PBXFileReference section */

/* Begin PBXFileSystemSynchronizedRootGroup section */
		56F0738A2FEE423C0062C1B1 /* Latch */ = {
			isa = PBXFileSystemSynchronizedRootGroup;
			path = Latch;
			sourceTree = "<group>";
		};
		56F073982FEE423E0062C1B1 /* LatchTests */ = {
			isa = PBXFileSystemSynchronizedRootGroup;
			path = LatchTests;
			sourceTree = "<group>";
		};
		56F073A22FEE423E0062C1B1 /* LatchUITests */ = {
			isa = PBXFileSystemSynchronizedRootGroup;
			path = LatchUITests;
			sourceTree = "<group>";
		};
/* End PBXFileSystemSynchronizedRootGroup section */

/* Begin PBXFrameworksBuildPhase section */
		56F073852FEE423C0062C1B1 /* Frameworks */ = {
			isa = PBXFrameworksBuildPhase;
			buildActionMask = 2147483647;
			files = (
				AA10000000000000000000A4 /* LatchDomain in Frameworks */,
				AA10000000000000000000A5 /* LatchData in Frameworks */,
			);
			runOnlyForDeploymentPostprocessing = 0;
		};
		56F073922FEE423E0062C1B1 /* Frameworks */ = {
			isa = PBXFrameworksBuildPhase;
			buildActionMask = 2147483647;
			files = (
			);
			runOnlyForDeploymentPostprocessing = 0;
		};
		56F0739C2FEE423E0062C1B1 /* Frameworks */ = {
			isa = PBXFrameworksBuildPhase;
			buildActionMask = 2147483647;
			files = (
			);
			runOnlyForDeploymentPostprocessing = 0;
		};
/* End PBXFrameworksBuildPhase section */

/* Begin PBXGroup section */
		56F0737F2FEE423C0062C1B1 = {
			isa = PBXGroup;
			children = (
				56F0738A2FEE423C0062C1B1 /* Latch */,
				56F073982FEE423E0062C1B1 /* LatchTests */,
				56F073A22FEE423E0062C1B1 /* LatchUITests */,
				56F073892FEE423C0062C1B1 /* Products */,
			);
			sourceTree = "<group>";
		};
		56F073892FEE423C0062C1B1 /* Products */ = {
			isa = PBXGroup;
			children = (
				56F073882FEE423C0062C1B1 /* Latch.app */,
				56F073952FEE423E0062C1B1 /* LatchTests.xctest */,
				56F0739F2FEE423E0062C1B1 /* LatchUITests.xctest */,
			);
			name = Products;
			sourceTree = "<group>";
		};
/* End PBXGroup section */

/* Begin PBXNativeTarget section */
		56F073872FEE423C0062C1B1 /* Latch */ = {
			isa = PBXNativeTarget;
			buildConfigurationList = 56F073A92FEE423E0062C1B1 /* Build configuration list for PBXNativeTarget "Latch" */;
			buildPhases = (
				56F073842FEE423C0062C1B1 /* Sources */,
				56F073852FEE423C0062C1B1 /* Frameworks */,
				56F073862FEE423C0062C1B1 /* Resources */,
			);
			buildRules = (
			);
			dependencies = (
			);
			fileSystemSynchronizedGroups = (
				56F0738A2FEE423C0062C1B1 /* Latch */,
			);
			name = Latch;
			packageProductDependencies = (
				AA10000000000000000000A2 /* LatchDomain */,
				AA10000000000000000000A3 /* LatchData */,
			);
			productName = Latch;
			productReference = 56F073882FEE423C0062C1B1 /* Latch.app */;
			productType = "com.apple.product-type.application";
		};
		56F073942FEE423E0062C1B1 /* LatchTests */ = {
			isa = PBXNativeTarget;
			buildConfigurationList = 56F073AC2FEE423E0062C1B1 /* Build configuration list for PBXNativeTarget "LatchTests" */;
			buildPhases = (
				56F073912FEE423E0062C1B1 /* Sources */,
				56F073922FEE423E0062C1B1 /* Frameworks */,
				56F073932FEE423E0062C1B1 /* Resources */,
			);
			buildRules = (
			);
			dependencies = (
				56F073972FEE423E0062C1B1 /* PBXTargetDependency */,
			);
			fileSystemSynchronizedGroups = (
				56F073982FEE423E0062C1B1 /* LatchTests */,
			);
			name = LatchTests;
			packageProductDependencies = (
			);
			productName = LatchTests;
			productReference = 56F073952FEE423E0062C1B1 /* LatchTests.xctest */;
			productType = "com.apple.product-type.bundle.unit-test";
		};
		56F0739E2FEE423E0062C1B1 /* LatchUITests */ = {
			isa = PBXNativeTarget;
			buildConfigurationList = 56F073AF2FEE423E0062C1B1 /* Build configuration list for PBXNativeTarget "LatchUITests" */;
			buildPhases = (
				56F0739B2FEE423E0062C1B1 /* Sources */,
				56F0739C2FEE423E0062C1B1 /* Frameworks */,
				56F0739D2FEE423E0062C1B1 /* Resources */,
			);
			buildRules = (
			);
			dependencies = (
				56F073A12FEE423E0062C1B1 /* PBXTargetDependency */,
			);
			fileSystemSynchronizedGroups = (
				56F073A22FEE423E0062C1B1 /* LatchUITests */,
			);
			name = LatchUITests;
			packageProductDependencies = (
			);
			productName = LatchUITests;
			productReference = 56F0739F2FEE423E0062C1B1 /* LatchUITests.xctest */;
			productType = "com.apple.product-type.bundle.ui-testing";
		};
/* End PBXNativeTarget section */

/* Begin PBXProject section */
		56F073802FEE423C0062C1B1 /* Project object */ = {
			isa = PBXProject;
			attributes = {
				BuildIndependentTargetsInParallel = 1;
				LastSwiftUpdateCheck = 2610;
				LastUpgradeCheck = 2610;
				TargetAttributes = {
					56F073872FEE423C0062C1B1 = {
						CreatedOnToolsVersion = 26.1;
					};
					56F073942FEE423E0062C1B1 = {
						CreatedOnToolsVersion = 26.1;
						TestTargetID = 56F073872FEE423C0062C1B1;
					};
					56F0739E2FEE423E0062C1B1 = {
						CreatedOnToolsVersion = 26.1;
						TestTargetID = 56F073872FEE423C0062C1B1;
					};
				};
			};
			buildConfigurationList = 56F073832FEE423C0062C1B1 /* Build configuration list for PBXProject "Latch" */;
			developmentRegion = en;
			hasScannedForEncodings = 0;
			knownRegions = (
				en,
				Base,
			);
			mainGroup = 56F0737F2FEE423C0062C1B1;
			minimizedProjectReferenceProxies = 1;
			preferredProjectObjectVersion = 77;
			packageReferences = (
				AA10000000000000000000A1 /* XCLocalSwiftPackageReference "LatchKit" */,
			);
			productRefGroup = 56F073892FEE423C0062C1B1 /* Products */;
			projectDirPath = "";
			projectRoot = "";
			targets = (
				56F073872FEE423C0062C1B1 /* Latch */,
				56F073942FEE423E0062C1B1 /* LatchTests */,
				56F0739E2FEE423E0062C1B1 /* LatchUITests */,
			);
		};
/* End PBXProject section */

/* Begin PBXResourcesBuildPhase section */
		56F073862FEE423C0062C1B1 /* Resources */ = {
			isa = PBXResourcesBuildPhase;
			buildActionMask = 2147483647;
			files = (
			);
			runOnlyForDeploymentPostprocessing = 0;
		};
		56F073932FEE423E0062C1B1 /* Resources */ = {
			isa = PBXResourcesBuildPhase;
			buildActionMask = 2147483647;
			files = (
			);
			runOnlyForDeploymentPostprocessing = 0;
		};
		56F0739D2FEE423E0062C1B1 /* Resources */ = {
			isa = PBXResourcesBuildPhase;
			buildActionMask = 2147483647;
			files = (
			);
			runOnlyForDeploymentPostprocessing = 0;
		};
/* End PBXResourcesBuildPhase section */

/* Begin PBXSourcesBuildPhase section */
		56F073842FEE423C0062C1B1 /* Sources */ = {
			isa = PBXSourcesBuildPhase;
			buildActionMask = 2147483647;
			files = (
			);
			runOnlyForDeploymentPostprocessing = 0;
		};
		56F073912FEE423E0062C1B1 /* Sources */ = {
			isa = PBXSourcesBuildPhase;
			buildActionMask = 2147483647;
			files = (
			);
			runOnlyForDeploymentPostprocessing = 0;
		};
		56F0739B2FEE423E0062C1B1 /* Sources */ = {
			isa = PBXSourcesBuildPhase;
			buildActionMask = 2147483647;
			files = (
			);
			runOnlyForDeploymentPostprocessing = 0;
		};
/* End PBXSourcesBuildPhase section */

/* Begin PBXTargetDependency section */
		56F073972FEE423E0062C1B1 /* PBXTargetDependency */ = {
			isa = PBXTargetDependency;
			target = 56F073872FEE423C0062C1B1 /* Latch */;
			targetProxy = 56F073962FEE423E0062C1B1 /* PBXContainerItemProxy */;
		};
		56F073A12FEE423E0062C1B1 /* PBXTargetDependency */ = {
			isa = PBXTargetDependency;
			target = 56F073872FEE423C0062C1B1 /* Latch */;
			targetProxy = 56F073A02FEE423E0062C1B1 /* PBXContainerItemProxy */;
		};
/* End PBXTargetDependency section */

/* Begin XCBuildConfiguration section */
		56F073A72FEE423E0062C1B1 /* Debug */ = {
			isa = XCBuildConfiguration;
			buildSettings = {
				ALWAYS_SEARCH_USER_PATHS = NO;
				ASSETCATALOG_COMPILER_GENERATE_SWIFT_ASSET_SYMBOL_EXTENSIONS = YES;
				CLANG_ANALYZER_NONNULL = YES;
				CLANG_ANALYZER_NUMBER_OBJECT_CONVERSION = YES_AGGRESSIVE;
				CLANG_CXX_LANGUAGE_STANDARD = "gnu++20";
				CLANG_ENABLE_MODULES = YES;
				CLANG_ENABLE_OBJC_ARC = YES;
				CLANG_ENABLE_OBJC_WEAK = YES;
				CLANG_WARN_BLOCK_CAPTURE_AUTORELEASING = YES;
				CLANG_WARN_BOOL_CONVERSION = YES;
				CLANG_WARN_COMMA = YES;
				CLANG_WARN_CONSTANT_CONVERSION = YES;
				CLANG_WARN_DEPRECATED_OBJC_IMPLEMENTATIONS = YES;
				CLANG_WARN_DIRECT_OBJC_ISA_USAGE = YES_ERROR;
				CLANG_WARN_DOCUMENTATION_COMMENTS = YES;
				CLANG_WARN_EMPTY_BODY = YES;
				CLANG_WARN_ENUM_CONVERSION = YES;
				CLANG_WARN_INFINITE_RECURSION = YES;
				CLANG_WARN_INT_CONVERSION = YES;
				CLANG_WARN_NON_LITERAL_NULL_CONVERSION = YES;
				CLANG_WARN_OBJC_IMPLICIT_RETAIN_SELF = YES;
				CLANG_WARN_OBJC_LITERAL_CONVERSION = YES;
				CLANG_WARN_OBJC_ROOT_CLASS = YES_ERROR;
				CLANG_WARN_QUOTED_INCLUDE_IN_FRAMEWORK_HEADER = YES;
				CLANG_WARN_RANGE_LOOP_ANALYSIS = YES;
				CLANG_WARN_STRICT_PROTOTYPES = YES;
				CLANG_WARN_SUSPICIOUS_MOVE = YES;
				CLANG_WARN_UNGUARDED_AVAILABILITY = YES_AGGRESSIVE;
				CLANG_WARN_UNREACHABLE_CODE = YES;
				CLANG_WARN__DUPLICATE_METHOD_MATCH = YES;
				COPY_PHASE_STRIP = NO;
				DEBUG_INFORMATION_FORMAT = dwarf;
				ENABLE_STRICT_OBJC_MSGSEND = YES;
				ENABLE_TESTABILITY = YES;
				ENABLE_USER_SCRIPT_SANDBOXING = YES;
				GCC_C_LANGUAGE_STANDARD = gnu17;
				GCC_DYNAMIC_NO_PIC = NO;
				GCC_NO_COMMON_BLOCKS = YES;
				GCC_OPTIMIZATION_LEVEL = 0;
				GCC_PREPROCESSOR_DEFINITIONS = (
					"DEBUG=1",
					"$(inherited)",
				);
				GCC_WARN_64_TO_32_BIT_CONVERSION = YES;
				GCC_WARN_ABOUT_RETURN_TYPE = YES_ERROR;
				GCC_WARN_UNDECLARED_SELECTOR = YES;
				GCC_WARN_UNINITIALIZED_AUTOS = YES_AGGRESSIVE;
				GCC_WARN_UNUSED_FUNCTION = YES;
				GCC_WARN_UNUSED_VARIABLE = YES;
				LOCALIZATION_PREFERS_STRING_CATALOGS = YES;
				MACOSX_DEPLOYMENT_TARGET = 15.6;
				MTL_ENABLE_DEBUG_INFO = INCLUDE_SOURCE;
				MTL_FAST_MATH = YES;
				ONLY_ACTIVE_ARCH = YES;
				SDKROOT = macosx;
				SWIFT_ACTIVE_COMPILATION_CONDITIONS = "DEBUG $(inherited)";
				SWIFT_OPTIMIZATION_LEVEL = "-Onone";
			};
			name = Debug;
		};
		56F073A82FEE423E0062C1B1 /* Release */ = {
			isa = XCBuildConfiguration;
			buildSettings = {
				ALWAYS_SEARCH_USER_PATHS = NO;
				ASSETCATALOG_COMPILER_GENERATE_SWIFT_ASSET_SYMBOL_EXTENSIONS = YES;
				CLANG_ANALYZER_NONNULL = YES;
				CLANG_ANALYZER_NUMBER_OBJECT_CONVERSION = YES_AGGRESSIVE;
				CLANG_CXX_LANGUAGE_STANDARD = "gnu++20";
				CLANG_ENABLE_MODULES = YES;
				CLANG_ENABLE_OBJC_ARC = YES;
				CLANG_ENABLE_OBJC_WEAK = YES;
				CLANG_WARN_BLOCK_CAPTURE_AUTORELEASING = YES;
				CLANG_WARN_BOOL_CONVERSION = YES;
				CLANG_WARN_COMMA = YES;
				CLANG_WARN_CONSTANT_CONVERSION = YES;
				CLANG_WARN_DEPRECATED_OBJC_IMPLEMENTATIONS = YES;
				CLANG_WARN_DIRECT_OBJC_ISA_USAGE = YES_ERROR;
				CLANG_WARN_DOCUMENTATION_COMMENTS = YES;
				CLANG_WARN_EMPTY_BODY = YES;
				CLANG_WARN_ENUM_CONVERSION = YES;
				CLANG_WARN_INFINITE_RECURSION = YES;
				CLANG_WARN_INT_CONVERSION = YES;
				CLANG_WARN_NON_LITERAL_NULL_CONVERSION = YES;
				CLANG_WARN_OBJC_IMPLICIT_RETAIN_SELF = YES;
				CLANG_WARN_OBJC_LITERAL_CONVERSION = YES;
				CLANG_WARN_OBJC_ROOT_CLASS = YES_ERROR;
				CLANG_WARN_QUOTED_INCLUDE_IN_FRAMEWORK_HEADER = YES;
				CLANG_WARN_RANGE_LOOP_ANALYSIS = YES;
				CLANG_WARN_STRICT_PROTOTYPES = YES;
				CLANG_WARN_SUSPICIOUS_MOVE = YES;
				CLANG_WARN_UNGUARDED_AVAILABILITY = YES_AGGRESSIVE;
				CLANG_WARN_UNREACHABLE_CODE = YES;
				CLANG_WARN__DUPLICATE_METHOD_MATCH = YES;
				COPY_PHASE_STRIP = NO;
				DEBUG_INFORMATION_FORMAT = "dwarf-with-dsym";
				ENABLE_NS_ASSERTIONS = NO;
				ENABLE_STRICT_OBJC_MSGSEND = YES;
				ENABLE_USER_SCRIPT_SANDBOXING = YES;
				GCC_C_LANGUAGE_STANDARD = gnu17;
				GCC_NO_COMMON_BLOCKS = YES;
				GCC_WARN_64_TO_32_BIT_CONVERSION = YES;
				GCC_WARN_ABOUT_RETURN_TYPE = YES_ERROR;
				GCC_WARN_UNDECLARED_SELECTOR = YES;
				GCC_WARN_UNINITIALIZED_AUTOS = YES_AGGRESSIVE;
				GCC_WARN_UNUSED_FUNCTION = YES;
				GCC_WARN_UNUSED_VARIABLE = YES;
				LOCALIZATION_PREFERS_STRING_CATALOGS = YES;
				MACOSX_DEPLOYMENT_TARGET = 15.6;
				MTL_ENABLE_DEBUG_INFO = NO;
				MTL_FAST_MATH = YES;
				SDKROOT = macosx;
				SWIFT_COMPILATION_MODE = wholemodule;
			};
			name = Release;
		};
		56F073AA2FEE423E0062C1B1 /* Debug */ = {
			isa = XCBuildConfiguration;
			buildSettings = {
				ASSETCATALOG_COMPILER_APPICON_NAME = AppIcon;
				ASSETCATALOG_COMPILER_GLOBAL_ACCENT_COLOR_NAME = AccentColor;
				CODE_SIGN_ENTITLEMENTS = Latch/Latch.entitlements;
				CODE_SIGN_STYLE = Automatic;
				COMBINE_HIDPI_IMAGES = YES;
				CURRENT_PROJECT_VERSION = 1;
				ENABLE_APP_SANDBOX = NO;
				ENABLE_HARDENED_RUNTIME = YES;
				ENABLE_PREVIEWS = YES;
				GENERATE_INFOPLIST_FILE = YES;
				INFOPLIST_KEY_NSHumanReadableCopyright = "";
				LD_RUNPATH_SEARCH_PATHS = (
					"$(inherited)",
					"@executable_path/../Frameworks",
				);
				MARKETING_VERSION = 1.0;
				PRODUCT_BUNDLE_IDENTIFIER = com.Latch;
				PRODUCT_NAME = "$(TARGET_NAME)";
				REGISTER_APP_GROUPS = YES;
				STRING_CATALOG_GENERATE_SYMBOLS = YES;
				SWIFT_APPROACHABLE_CONCURRENCY = YES;
				SWIFT_DEFAULT_ACTOR_ISOLATION = MainActor;
				SWIFT_EMIT_LOC_STRINGS = YES;
				SWIFT_UPCOMING_FEATURE_MEMBER_IMPORT_VISIBILITY = YES;
				SWIFT_VERSION = 6.0;
			};
			name = Debug;
		};
		56F073AB2FEE423E0062C1B1 /* Release */ = {
			isa = XCBuildConfiguration;
			buildSettings = {
				ASSETCATALOG_COMPILER_APPICON_NAME = AppIcon;
				ASSETCATALOG_COMPILER_GLOBAL_ACCENT_COLOR_NAME = AccentColor;
				CODE_SIGN_ENTITLEMENTS = Latch/Latch.entitlements;
				CODE_SIGN_STYLE = Automatic;
				COMBINE_HIDPI_IMAGES = YES;
				CURRENT_PROJECT_VERSION = 1;
				ENABLE_APP_SANDBOX = NO;
				ENABLE_HARDENED_RUNTIME = YES;
				ENABLE_PREVIEWS = YES;
				GENERATE_INFOPLIST_FILE = YES;
				INFOPLIST_KEY_NSHumanReadableCopyright = "";
				LD_RUNPATH_SEARCH_PATHS = (
					"$(inherited)",
					"@executable_path/../Frameworks",
				);
				MARKETING_VERSION = 1.0;
				PRODUCT_BUNDLE_IDENTIFIER = com.Latch;
				PRODUCT_NAME = "$(TARGET_NAME)";
				REGISTER_APP_GROUPS = YES;
				STRING_CATALOG_GENERATE_SYMBOLS = YES;
				SWIFT_APPROACHABLE_CONCURRENCY = YES;
				SWIFT_DEFAULT_ACTOR_ISOLATION = MainActor;
				SWIFT_EMIT_LOC_STRINGS = YES;
				SWIFT_UPCOMING_FEATURE_MEMBER_IMPORT_VISIBILITY = YES;
				SWIFT_VERSION = 6.0;
			};
			name = Release;
		};
		56F073AD2FEE423E0062C1B1 /* Debug */ = {
			isa = XCBuildConfiguration;
			buildSettings = {
				BUNDLE_LOADER = "$(TEST_HOST)";
				CODE_SIGN_STYLE = Automatic;
				CURRENT_PROJECT_VERSION = 1;
				GENERATE_INFOPLIST_FILE = YES;
				MACOSX_DEPLOYMENT_TARGET = 15.6;
				MARKETING_VERSION = 1.0;
				PRODUCT_BUNDLE_IDENTIFIER = com.LatchTests;
				PRODUCT_NAME = "$(TARGET_NAME)";
				STRING_CATALOG_GENERATE_SYMBOLS = NO;
				SWIFT_APPROACHABLE_CONCURRENCY = YES;
				SWIFT_EMIT_LOC_STRINGS = NO;
				SWIFT_UPCOMING_FEATURE_MEMBER_IMPORT_VISIBILITY = YES;
				SWIFT_VERSION = 5.0;
				TEST_HOST = "$(BUILT_PRODUCTS_DIR)/Latch.app/$(BUNDLE_EXECUTABLE_FOLDER_PATH)/Latch";
			};
			name = Debug;
		};
		56F073AE2FEE423E0062C1B1 /* Release */ = {
			isa = XCBuildConfiguration;
			buildSettings = {
				BUNDLE_LOADER = "$(TEST_HOST)";
				CODE_SIGN_STYLE = Automatic;
				CURRENT_PROJECT_VERSION = 1;
				GENERATE_INFOPLIST_FILE = YES;
				MACOSX_DEPLOYMENT_TARGET = 15.6;
				MARKETING_VERSION = 1.0;
				PRODUCT_BUNDLE_IDENTIFIER = com.LatchTests;
				PRODUCT_NAME = "$(TARGET_NAME)";
				STRING_CATALOG_GENERATE_SYMBOLS = NO;
				SWIFT_APPROACHABLE_CONCURRENCY = YES;
				SWIFT_EMIT_LOC_STRINGS = NO;
				SWIFT_UPCOMING_FEATURE_MEMBER_IMPORT_VISIBILITY = YES;
				SWIFT_VERSION = 5.0;
				TEST_HOST = "$(BUILT_PRODUCTS_DIR)/Latch.app/$(BUNDLE_EXECUTABLE_FOLDER_PATH)/Latch";
			};
			name = Release;
		};
		56F073B02FEE423E0062C1B1 /* Debug */ = {
			isa = XCBuildConfiguration;
			buildSettings = {
				CODE_SIGN_STYLE = Automatic;
				CURRENT_PROJECT_VERSION = 1;
				GENERATE_INFOPLIST_FILE = YES;
				MARKETING_VERSION = 1.0;
				PRODUCT_BUNDLE_IDENTIFIER = com.LatchUITests;
				PRODUCT_NAME = "$(TARGET_NAME)";
				STRING_CATALOG_GENERATE_SYMBOLS = NO;
				SWIFT_APPROACHABLE_CONCURRENCY = YES;
				SWIFT_EMIT_LOC_STRINGS = NO;
				SWIFT_UPCOMING_FEATURE_MEMBER_IMPORT_VISIBILITY = YES;
				SWIFT_VERSION = 5.0;
				TEST_TARGET_NAME = Latch;
			};
			name = Debug;
		};
		56F073B12FEE423E0062C1B1 /* Release */ = {
			isa = XCBuildConfiguration;
			buildSettings = {
				CODE_SIGN_STYLE = Automatic;
				CURRENT_PROJECT_VERSION = 1;
				GENERATE_INFOPLIST_FILE = YES;
				MARKETING_VERSION = 1.0;
				PRODUCT_BUNDLE_IDENTIFIER = com.LatchUITests;
				PRODUCT_NAME = "$(TARGET_NAME)";
				STRING_CATALOG_GENERATE_SYMBOLS = NO;
				SWIFT_APPROACHABLE_CONCURRENCY = YES;
				SWIFT_EMIT_LOC_STRINGS = NO;
				SWIFT_UPCOMING_FEATURE_MEMBER_IMPORT_VISIBILITY = YES;
				SWIFT_VERSION = 5.0;
				TEST_TARGET_NAME = Latch;
			};
			name = Release;
		};
/* End XCBuildConfiguration section */

/* Begin XCConfigurationList section */
		56F073832FEE423C0062C1B1 /* Build configuration list for PBXProject "Latch" */ = {
			isa = XCConfigurationList;
			buildConfigurations = (
				56F073A72FEE423E0062C1B1 /* Debug */,
				56F073A82FEE423E0062C1B1 /* Release */,
			);
			defaultConfigurationIsVisible = 0;
			defaultConfigurationName = Release;
		};
		56F073A92FEE423E0062C1B1 /* Build configuration list for PBXNativeTarget "Latch" */ = {
			isa = XCConfigurationList;
			buildConfigurations = (
				56F073AA2FEE423E0062C1B1 /* Debug */,
				56F073AB2FEE423E0062C1B1 /* Release */,
			);
			defaultConfigurationIsVisible = 0;
			defaultConfigurationName = Release;
		};
		56F073AC2FEE423E0062C1B1 /* Build configuration list for PBXNativeTarget "LatchTests" */ = {
			isa = XCConfigurationList;
			buildConfigurations = (
				56F073AD2FEE423E0062C1B1 /* Debug */,
				56F073AE2FEE423E0062C1B1 /* Release */,
			);
			defaultConfigurationIsVisible = 0;
			defaultConfigurationName = Release;
		};
		56F073AF2FEE423E0062C1B1 /* Build configuration list for PBXNativeTarget "LatchUITests" */ = {
			isa = XCConfigurationList;
			buildConfigurations = (
				56F073B02FEE423E0062C1B1 /* Debug */,
				56F073B12FEE423E0062C1B1 /* Release */,
			);
			defaultConfigurationIsVisible = 0;
			defaultConfigurationName = Release;
		};
/* End XCConfigurationList section */

/* Begin XCLocalSwiftPackageReference section */
		AA10000000000000000000A1 /* XCLocalSwiftPackageReference "LatchKit" */ = {
			isa = XCLocalSwiftPackageReference;
			relativePath = LatchKit;
		};
/* End XCLocalSwiftPackageReference section */

/* Begin XCSwiftPackageProductDependency section */
		AA10000000000000000000A2 /* LatchDomain */ = {
			isa = XCSwiftPackageProductDependency;
			productName = LatchDomain;
		};
		AA10000000000000000000A3 /* LatchData */ = {
			isa = XCSwiftPackageProductDependency;
			productName = LatchData;
		};
/* End XCSwiftPackageProductDependency section */
	};
	rootObject = 56F073802FEE423C0062C1B1 /* Project object */;
}
